
Microsoft Visual Studio Solution File, Format Version 12.00
# Visual Studio 2013
VisualStudioVersion = 12.0.0.0
MinimumVisualStudioVersion = 10.0.0.1
Project("{FAE04EC0-301F-11D3-BF4B-00C04F79EFBC}") = "UtilizePim", "UtilizePim/UtilizePim.csproj", "{8EF95D88-C4E9-4FAD-9DFD-5DB03BAB6625}"
EndProject
Project("{FAE04EC0-301F-11D3-BF4B-00C04F79EFBC}") = "UtilizePimModels", "UtilizePimModels\UtilizePimModels.csproj", "{9A84E34D-8A4B-4F22-964C-958B172AFA44}"
EndProject
Global
	GlobalSection(SolutionConfigurationPlatforms) = preSolution
		Debug|Any CPU = Debug|Any CPU
		Release|Any CPU = Release|Any CPU
	EndGlobalSection
	GlobalSection(ProjectConfigurationPlatforms) = postSolution
		{8EF95D88-C4E9-4FAD-9DFD-5DB03BAB6625}.Debug|Any CPU.ActiveCfg = Debug|Any CPU
		{8EF95D88-C4E9-4FAD-9DFD-5DB03BAB6625}.Debug|Any CPU.Build.0 = Debug|Any CPU
		{8EF95D88-C4E9-4FAD-9DFD-5DB03BAB6625}.Release|Any CPU.ActiveCfg = Release|Any CPU
		{8EF95D88-C4E9-4FAD-9DFD-5DB03BAB6625}.Release|Any CPU.Build.0 = Release|Any CPU
		{9A84E34D-8A4B-4F22-964C-958B172AFA44}.Debug|Any CPU.ActiveCfg = Debug|Any CPU
		{9A84E34D-8A4B-4F22-964C-958B172AFA44}.Debug|Any CPU.Build.0 = Debug|Any CPU
		{9A84E34D-8A4B-4F22-964C-958B172AFA44}.Release|Any CPU.ActiveCfg = Release|Any CPU
		{9A84E34D-8A4B-4F22-964C-958B172AFA44}.Release|Any CPU.Build.0 = Release|Any CPU
	EndGlobalSection
	GlobalSection(SolutionProperties) = preSolution
		HideSolutionNode = FALSE
	EndGlobalSection
EndGlobal
